
Microsoft Visual Studio Solution File, Format Version 12.00
# Visual Studio 2015
Project("{FAE04EC0-301F-11D3-BF4B-00C04F79EFBC}") = "trr.CSharp.Plugins", "trr.CSharp.Plugins.csproj", "{8D256C3A-3872-7065-4346-AF0D967FD8D7}"
EndProject
Project("{FAE04EC0-301F-11D3-BF4B-00C04F79EFBC}") = "trr.CSharp", "trr.CSharp.csproj", "{758AAE5F-3BD7-744F-32A1-A11AAA7E0C9B}"
EndProject
Project("{FAE04EC0-301F-11D3-BF4B-00C04F79EFBC}") = "trr.CSharp.Editor", "trr.CSharp.Editor.csproj", "{E219AAD6-27CE-7419-242B-65954F57C235}"
EndProject
Global
	GlobalSection(SolutionConfigurationPlatforms) = preSolution
		Debug|Any CPU = Debug|Any CPU
		Release|Any CPU = Release|Any CPU
	EndGlobalSection
	GlobalSection(ProjectConfigurationPlatforms) = postSolution
		{8D256C3A-3872-7065-4346-AF0D967FD8D7}.Debug|Any CPU.ActiveCfg = Debug|Any CPU
		{8D256C3A-3872-7065-4346-AF0D967FD8D7}.Debug|Any CPU.Build.0 = Debug|Any CPU
		{8D256C3A-3872-7065-4346-AF0D967FD8D7}.Release|Any CPU.ActiveCfg = Release|Any CPU
		{8D256C3A-3872-7065-4346-AF0D967FD8D7}.Release|Any CPU.Build.0 = Release|Any CPU
		{758AAE5F-3BD7-744F-32A1-A11AAA7E0C9B}.Debug|Any CPU.ActiveCfg = Debug|Any CPU
		{758AAE5F-3BD7-744F-32A1-A11AAA7E0C9B}.Debug|Any CPU.Build.0 = Debug|Any CPU
		{758AAE5F-3BD7-744F-32A1-A11AAA7E0C9B}.Release|Any CPU.ActiveCfg = Release|Any CPU
		{758AAE5F-3BD7-744F-32A1-A11AAA7E0C9B}.Release|Any CPU.Build.0 = Release|Any CPU
		{E219AAD6-27CE-7419-242B-65954F57C235}.Debug|Any CPU.ActiveCfg = Debug|Any CPU
		{E219AAD6-27CE-7419-242B-65954F57C235}.Debug|Any CPU.Build.0 = Debug|Any CPU
		{E219AAD6-27CE-7419-242B-65954F57C235}.Release|Any CPU.ActiveCfg = Release|Any CPU
		{E219AAD6-27CE-7419-242B-65954F57C235}.Release|Any CPU.Build.0 = Release|Any CPU
	EndGlobalSection
	GlobalSection(SolutionProperties) = preSolution
		HideSolutionNode = FALSE
	EndGlobalSection
EndGlobal
